// !$*UTF8*$!
{
	archiveVersion = 1;
	classes = {
	};
	objectVersion = 46;
	objects = {

/* Begin PBXBuildFile section */
		333145C81D98230500461D6B /* ItemCell.swift in Sources */ = {isa = PBXBuildFile; fileRef = 333145C71D98230500461D6B /* ItemCell.swift */; };
		3359961E1D96012200075E69 /* AppDelegate.swift in Sources */ = {isa = PBXBuildFile; fileRef = 3359961D1D96012200075E69 /* AppDelegate.swift */; };
		335996201D96012200075E69 /* ItemsViewController.swift in Sources */ = {isa = PBXBuildFile; fileRef = 3359961F1D96012200075E69 /* ItemsViewController.swift */; };
		335996231D96012300075E69 /* Main.storyboard in Resources */ = {isa = PBXBuildFile; fileRef = 335996211D96012300075E69 /* Main.storyboard */; };
		335996251D96012300075E69 /* Assets.xcassets in Resources */ = {isa = PBXBuildFile; fileRef = 335996241D96012300075E69 /* Assets.xcassets */; };
		335996281D96012300075E69 /* LaunchScreen.storyboard in Resources */ = {isa = PBXBuildFile; fileRef = 335996261D96012300075E69 /* LaunchScreen.storyboard */; };
		335996331D96012400075E69 /* BookListTests.swift in Sources */ = {isa = PBXBuildFile; fileRef = 335996321D96012400075E69 /* BookListTests.swift */; };
		3359963E1D96012400075E69 /* BookListUITests.swift in Sources */ = {isa = PBXBuildFile; fileRef = 3359963D1D96012400075E69 /* BookListUITests.swift */; };
		335996501D96BB3C00075E69 /* ItemStore.swift in Sources */ = {isa = PBXBuildFile; fileRef = 3359964F1D96BB3C00075E69 /* ItemStore.swift */; };
		335996531D96DBC600075E69 /* BookList.xcdatamodeld in Sources */ = {isa = PBXBuildFile; fileRef = 335996511D96DBC600075E69 /* BookList.xcdatamodeld */; };
		3375A5071D97373A001F46C0 /* CoreDataStack.swift in Sources */ = {isa = PBXBuildFile; fileRef = 3375A5061D97373A001F46C0 /* CoreDataStack.swift */; };
		3396550F1D996E0800C1D3C9 /* EbayAPI.swift in Sources */ = {isa = PBXBuildFile; fileRef = 3396550E1D996E0800C1D3C9 /* EbayAPI.swift */; };
		339655111D99AC8C00C1D3C9 /* ImageStore.swift in Sources */ = {isa = PBXBuildFile; fileRef = 339655101D99AC8C00C1D3C9 /* ImageStore.swift */; };
		339655181D9ACB5900C1D3C9 /* Item+CoreDataProperties.swift in Sources */ = {isa = PBXBuildFile; fileRef = 339655161D9ACB5900C1D3C9 /* Item+CoreDataProperties.swift */; };
		339655191D9ACB5900C1D3C9 /* Item+CoreDataClass.swift in Sources */ = {isa = PBXBuildFile; fileRef = 339655171D9ACB5900C1D3C9 /* Item+CoreDataClass.swift */; };
/* End PBXBuildFile section */

/* Begin PBXContainerItemProxy section */
		3359962F1D96012400075E69 /* PBXContainerItemProxy */ = {
			isa = PBXContainerItemProxy;
			containerPortal = 335996121D96012200075E69 /* Project object */;
			proxyType = 1;
			remoteGlobalIDString = 335996191D96012200075E69;
			remoteInfo = BookList;
		};
		3359963A1D96012400075E69 /* PBXContainerItemProxy */ = {
			isa = PBXContainerItemProxy;
			containerPortal = 335996121D96012200075E69 /* Project object */;
			proxyType = 1;
			remoteGlobalIDString = 335996191D96012200075E69;
			remoteInfo = BookList;
		};
/* End PBXContainerItemProxy section */

/* Begin PBXFileReference section */
		333145C71D98230500461D6B /* ItemCell.swift */ = {isa = PBXFileReference; fileEncoding = 4; lastKnownFileType = sourcecode.swift; path = ItemCell.swift; sourceTree = "<group>"; };
		3359961A1D96012200075E69 /* BookList.app */ = {isa = PBXFileReference; explicitFileType = wrapper.application; includeInIndex = 0; path = BookList.app; sourceTree = BUILT_PRODUCTS_DIR; };
		3359961D1D96012200075E69 /* AppDelegate.swift */ = {isa = PBXFileReference; lastKnownFileType = sourcecode.swift; path = AppDelegate.swift; sourceTree = "<group>"; };
		3359961F1D96012200075E69 /* ItemsViewController.swift */ = {isa = PBXFileReference; lastKnownFileType = sourcecode.swift; path = ItemsViewController.swift; sourceTree = "<group>"; };
		335996221D96012300075E69 /* Base */ = {isa = PBXFileReference; lastKnownFileType = file.storyboard; name = Base; path = Base.lproj/Main.storyboard; sourceTree = "<group>"; };
		335996241D96012300075E69 /* Assets.xcassets */ = {isa = PBXFileReference; lastKnownFileType = folder.assetcatalog; path = Assets.xcassets; sourceTree = "<group>"; };
		335996271D96012300075E69 /* Base */ = {isa = PBXFileReference; lastKnownFileType = file.storyboard; name = Base; path = Base.lproj/LaunchScreen.storyboard; sourceTree = "<group>"; };
		335996291D96012300075E69 /* Info.plist */ = {isa = PBXFileReference; lastKnownFileType = text.plist.xml; path = Info.plist; sourceTree = "<group>"; };
		3359962E1D96012400075E69 /* BookListTests.xctest */ = {isa = PBXFileReference; explicitFileType = wrapper.cfbundle; includeInIndex = 0; path = BookListTests.xctest; sourceTree = BUILT_PRODUCTS_DIR; };
		335996321D96012400075E69 /* BookListTests.swift */ = {isa = PBXFileReference; lastKnownFileType = sourcecode.swift; path = BookListTests.swift; sourceTree = "<group>"; };
		335996341D96012400075E69 /* Info.plist */ = {isa = PBXFileReference; lastKnownFileType = text.plist.xml; path = Info.plist; sourceTree = "<group>"; };
		335996391D96012400075E69 /* BookListUITests.xctest */ = {isa = PBXFileReference; explicitFileType = wrapper.cfbundle; includeInIndex = 0; path = BookListUITests.xctest; sourceTree = BUILT_PRODUCTS_DIR; };
		3359963D1D96012400075E69 /* BookListUITests.swift */ = {isa = PBXFileReference; lastKnownFileType = sourcecode.swift; path = BookListUITests.swift; sourceTree = "<group>"; };
		3359963F1D96012400075E69 /* Info.plist */ = {isa = PBXFileReference; lastKnownFileType = text.plist.xml; path = Info.plist; sourceTree = "<group>"; };
		3359964F1D96BB3C00075E69 /* ItemStore.swift */ = {isa = PBXFileReference; fileEncoding = 4; lastKnownFileType = sourcecode.swift; path = ItemStore.swift; sourceTree = "<group>"; };
		335996521D96DBC600075E69 /* BookList.xcdatamodel */ = {isa = PBXFileReference; lastKnownFileType = wrapper.xcdatamodel; path = BookList.xcdatamodel; sourceTree = "<group>"; };
		3375A5061D97373A001F46C0 /* CoreDataStack.swift */ = {isa = PBXFileReference; fileEncoding = 4; lastKnownFileType = sourcecode.swift; path = CoreDataStack.swift; sourceTree = "<group>"; };
		3396550E1D996E0800C1D3C9 /* EbayAPI.swift */ = {isa = PBXFileReference; fileEncoding = 4; lastKnownFileType = sourcecode.swift; path = EbayAPI.swift; sourceTree = "<group>"; };
		339655101D99AC8C00C1D3C9 /* ImageStore.swift */ = {isa = PBXFileReference; fileEncoding = 4; lastKnownFileType = sourcecode.swift; path = ImageStore.swift; sourceTree = "<group>"; };
		339655161D9ACB5900C1D3C9 /* Item+CoreDataProperties.swift */ = {isa = PBXFileReference; fileEncoding = 4; lastKnownFileType = sourcecode.swift; path = "Item+CoreDataProperties.swift"; sourceTree = "<group>"; };
		339655171D9ACB5900C1D3C9 /* Item+CoreDataClass.swift */ = {isa = PBXFileReference; fileEncoding = 4; lastKnownFileType = sourcecode.swift; path = "Item+CoreDataClass.swift"; sourceTree = "<group>"; };
/* End PBXFileReference section */

/* Begin PBXFrameworksBuildPhase section */
		335996171D96012200075E69 /* Frameworks */ = {
			isa = PBXFrameworksBuildPhase;
			buildActionMask = 2147483647;
			files = (
			);
			runOnlyForDeploymentPostprocessing = 0;
		};
		3359962B1D96012400075E69 /* Frameworks */ = {
			isa = PBXFrameworksBuildPhase;
			buildActionMask = 2147483647;
			files = (
			);
			runOnlyForDeploymentPostprocessing = 0;
		};
		335996361D96012400075E69 /* Frameworks */ = {
			isa = PBXFrameworksBuildPhase;
			buildActionMask = 2147483647;
			files = (
			);
			runOnlyForDeploymentPostprocessing = 0;
		};
/* End PBXFrameworksBuildPhase section */

/* Begin PBXGroup section */
		335996111D96012200075E69 = {
			isa = PBXGroup;
			children = (
				3359961C1D96012200075E69 /* BookList */,
				335996311D96012400075E69 /* BookListTests */,
				3359963C1D96012400075E69 /* BookListUITests */,
				3359961B1D96012200075E69 /* Products */,
			);
			sourceTree = "<group>";
		};
		3359961B1D96012200075E69 /* Products */ = {
			isa = PBXGroup;
			children = (
				3359961A1D96012200075E69 /* BookList.app */,
				3359962E1D96012400075E69 /* BookListTests.xctest */,
				335996391D96012400075E69 /* BookListUITests.xctest */,
			);
			name = Products;
			sourceTree = "<group>";
		};
		3359961C1D96012200075E69 /* BookList */ = {
			isa = PBXGroup;
			children = (
				3359961D1D96012200075E69 /* AppDelegate.swift */,
				335996241D96012300075E69 /* Assets.xcassets */,
				335996511D96DBC600075E69 /* BookList.xcdatamodeld */,
				3375A5061D97373A001F46C0 /* CoreDataStack.swift */,
				3396550E1D996E0800C1D3C9 /* EbayAPI.swift */,
				339655101D99AC8C00C1D3C9 /* ImageStore.swift */,
				335996291D96012300075E69 /* Info.plist */,
				339655171D9ACB5900C1D3C9 /* Item+CoreDataClass.swift */,
				339655161D9ACB5900C1D3C9 /* Item+CoreDataProperties.swift */,
				333145C71D98230500461D6B /* ItemCell.swift */,
				3359964F1D96BB3C00075E69 /* ItemStore.swift */,
				3359961F1D96012200075E69 /* ItemsViewController.swift */,
				335996261D96012300075E69 /* LaunchScreen.storyboard */,
				335996211D96012300075E69 /* Main.storyboard */,
			);
			path = BookList;
			sourceTree = "<group>";
		};
		335996311D96012400075E69 /* BookListTests */ = {
			isa = PBXGroup;
			children = (
				335996321D96012400075E69 /* BookListTests.swift */,
				335996341D96012400075E69 /* Info.plist */,
			);
			path = BookListTests;
			sourceTree = "<group>";
		};
		3359963C1D96012400075E69 /* BookListUITests */ = {
			isa = PBXGroup;
			children = (
				3359963D1D96012400075E69 /* BookListUITests.swift */,
				3359963F1D96012400075E69 /* Info.plist */,
			);
			path = BookListUITests;
			sourceTree = "<group>";
		};
/* End PBXGroup section */

/* Begin PBXNativeTarget section */
		335996191D96012200075E69 /* BookList */ = {
			isa = PBXNativeTarget;
			buildConfigurationList = 335996421D96012400075E69 /* Build configuration list for PBXNativeTarget "BookList" */;
			buildPhases = (
				335996161D96012200075E69 /* Sources */,
				335996171D96012200075E69 /* Frameworks */,
				335996181D96012200075E69 /* Resources */,
			);
			buildRules = (
			);
			dependencies = (
			);
			name = BookList;
			productName = BookList;
			productReference = 3359961A1D96012200075E69 /* BookList.app */;
			productType = "com.apple.product-type.application";
		};
		3359962D1D96012400075E69 /* BookListTests */ = {
			isa = PBXNativeTarget;
			buildConfigurationList = 335996451D96012400075E69 /* Build configuration list for PBXNativeTarget "BookListTests" */;
			buildPhases = (
				3359962A1D96012400075E69 /* Sources */,
				3359962B1D96012400075E69 /* Frameworks */,
				3359962C1D96012400075E69 /* Resources */,
			);
			buildRules = (
			);
			dependencies = (
				335996301D96012400075E69 /* PBXTargetDependency */,
			);
			name = BookListTests;
			productName = BookListTests;
			productReference = 3359962E1D96012400075E69 /* BookListTests.xctest */;
			productType = "com.apple.product-type.bundle.unit-test";
		};
		335996381D96012400075E69 /* BookListUITests */ = {
			isa = PBXNativeTarget;
			buildConfigurationList = 335996481D96012400075E69 /* Build configuration list for PBXNativeTarget "BookListUITests" */;
			buildPhases = (
				335996351D96012400075E69 /* Sources */,
				335996361D96012400075E69 /* Frameworks */,
				335996371D96012400075E69 /* Resources */,
			);
			buildRules = (
			);
			dependencies = (
				3359963B1D96012400075E69 /* PBXTargetDependency */,
			);
			name = BookListUITests;
			productName = BookListUITests;
			productReference = 335996391D96012400075E69 /* BookListUITests.xctest */;
			productType = "com.apple.product-type.bundle.ui-testing";
		};
/* End PBXNativeTarget section */

/* Begin PBXProject section */
		335996121D96012200075E69 /* Project object */ = {
			isa = PBXProject;
			attributes = {
				LastSwiftUpdateCheck = 0800;
				LastUpgradeCheck = 0800;
				ORGANIZATIONNAME = "Rodney Sampson II";
				TargetAttributes = {
					335996191D96012200075E69 = {
						CreatedOnToolsVersion = 8.0;
						ProvisioningStyle = Automatic;
					};
					3359962D1D96012400075E69 = {
						CreatedOnToolsVersion = 8.0;
						ProvisioningStyle = Automatic;
						TestTargetID = 335996191D96012200075E69;
					};
					335996381D96012400075E69 = {
						CreatedOnToolsVersion = 8.0;
						ProvisioningStyle = Automatic;
						TestTargetID = 335996191D96012200075E69;
					};
				};
			};
			buildConfigurationList = 335996151D96012200075E69 /* Build configuration list for PBXProject "BookList" */;
			compatibilityVersion = "Xcode 3.2";
			developmentRegion = English;
			hasScannedForEncodings = 0;
			knownRegions = (
				en,
				Base,
			);
			mainGroup = 335996111D96012200075E69;
			productRefGroup = 3359961B1D96012200075E69 /* Products */;
			projectDirPath = "";
			projectRoot = "";
			targets = (
				335996191D96012200075E69 /* BookList */,
				3359962D1D96012400075E69 /* BookListTests */,
				335996381D96012400075E69 /* BookListUITests */,
			);
		};
/* End PBXProject section */

/* Begin PBXResourcesBuildPhase section */
		335996181D96012200075E69 /* Resources */ = {
			isa = PBXResourcesBuildPhase;
			buildActionMask = 2147483647;
			files = (
				335996281D96012300075E69 /* LaunchScreen.storyboard in Resources */,
				335996251D96012300075E69 /* Assets.xcassets in Resources */,
				335996231D96012300075E69 /* Main.storyboard in Resources */,
			);
			runOnlyForDeploymentPostprocessing = 0;
		};
		3359962C1D96012400075E69 /* Resources */ = {
			isa = PBXResourcesBuildPhase;
			buildActionMask = 2147483647;
			files = (
			);
			runOnlyForDeploymentPostprocessing = 0;
		};
		335996371D96012400075E69 /* Resources */ = {
			isa = PBXResourcesBuildPhase;
			buildActionMask = 2147483647;
			files = (
			);
			runOnlyForDeploymentPostprocessing = 0;
		};
/* End PBXResourcesBuildPhase section */

/* Begin PBXSourcesBuildPhase section */
		335996161D96012200075E69 /* Sources */ = {
			isa = PBXSourcesBuildPhase;
			buildActionMask = 2147483647;
			files = (
				339655191D9ACB5900C1D3C9 /* Item+CoreDataClass.swift in Sources */,
				333145C81D98230500461D6B /* ItemCell.swift in Sources */,
				339655111D99AC8C00C1D3C9 /* ImageStore.swift in Sources */,
				335996201D96012200075E69 /* ItemsViewController.swift in Sources */,
				335996531D96DBC600075E69 /* BookList.xcdatamodeld in Sources */,
				3359961E1D96012200075E69 /* AppDelegate.swift in Sources */,
				335996501D96BB3C00075E69 /* ItemStore.swift in Sources */,
				339655181D9ACB5900C1D3C9 /* Item+CoreDataProperties.swift in Sources */,
				3396550F1D996E0800C1D3C9 /* EbayAPI.swift in Sources */,
				3375A5071D97373A001F46C0 /* CoreDataStack.swift in Sources */,
			);
			runOnlyForDeploymentPostprocessing = 0;
		};
		3359962A1D96012400075E69 /* Sources */ = {
			isa = PBXSourcesBuildPhase;
			buildActionMask = 2147483647;
			files = (
				335996331D96012400075E69 /* BookListTests.swift in Sources */,
			);
			runOnlyForDeploymentPostprocessing = 0;
		};
		335996351D96012400075E69 /* Sources */ = {
			isa = PBXSourcesBuildPhase;
			buildActionMask = 2147483647;
			files = (
				3359963E1D96012400075E69 /* BookListUITests.swift in Sources */,
			);
			runOnlyForDeploymentPostprocessing = 0;
		};
/* End PBXSourcesBuildPhase section */

/* Begin PBXTargetDependency section */
		335996301D96012400075E69 /* PBXTargetDependency */ = {
			isa = PBXTargetDependency;
			target = 335996191D96012200075E69 /* BookList */;
			targetProxy = 3359962F1D96012400075E69 /* PBXContainerItemProxy */;
		};
		3359963B1D96012400075E69 /* PBXTargetDependency */ = {
			isa = PBXTargetDependency;
			target = 335996191D96012200075E69 /* BookList */;
			targetProxy = 3359963A1D96012400075E69 /* PBXContainerItemProxy */;
		};
/* End PBXTargetDependency section */

/* Begin PBXVariantGroup section */
		335996211D96012300075E69 /* Main.storyboard */ = {
			isa = PBXVariantGroup;
			children = (
				335996221D96012300075E69 /* Base */,
			);
			name = Main.storyboard;
			sourceTree = "<group>";
		};
		335996261D96012300075E69 /* LaunchScreen.storyboard */ = {
			isa = PBXVariantGroup;
			children = (
				335996271D96012300075E69 /* Base */,
			);
			name = LaunchScreen.storyboard;
			sourceTree = "<group>";
		};
/* End PBXVariantGroup section */

/* Begin XCBuildConfiguration section */
		335996401D96012400075E69 /* Debug */ = {
			isa = XCBuildConfiguration;
			buildSettings = {
				ALWAYS_SEARCH_USER_PATHS = NO;
				CLANG_ANALYZER_NONNULL = YES;
				CLANG_CXX_LANGUAGE_STANDARD = "gnu++0x";
				CLANG_CXX_LIBRARY = "libc++";
				CLANG_ENABLE_MODULES = YES;
				CLANG_ENABLE_OBJC_ARC = YES;
				CLANG_WARN_BOOL_CONVERSION = YES;
				CLANG_WARN_CONSTANT_CONVERSION = YES;
				CLANG_WARN_DIRECT_OBJC_ISA_USAGE = YES_ERROR;
				CLANG_WARN_DOCUMENTATION_COMMENTS = YES;
				CLANG_WARN_EMPTY_BODY = YES;
				CLANG_WARN_ENUM_CONVERSION = YES;
				CLANG_WARN_INFINITE_RECURSION = YES;
				CLANG_WARN_INT_CONVERSION = YES;
				CLANG_WARN_OBJC_ROOT_CLASS = YES_ERROR;
				CLANG_WARN_SUSPICIOUS_MOVES = YES;
				CLANG_WARN_UNREACHABLE_CODE = YES;
				CLANG_WARN__DUPLICATE_METHOD_MATCH = YES;
				"CODE_SIGN_IDENTITY[sdk=iphoneos*]" = "iPhone Developer";
				COPY_PHASE_STRIP = NO;
				DEBUG_INFORMATION_FORMAT = dwarf;
				ENABLE_STRICT_OBJC_MSGSEND = YES;
				ENABLE_TESTABILITY = YES;
				GCC_C_LANGUAGE_STANDARD = gnu99;
				GCC_DYNAMIC_NO_PIC = NO;
				GCC_NO_COMMON_BLOCKS = YES;
				GCC_OPTIMIZATION_LEVEL = 0;
				GCC_PREPROCESSOR_DEFINITIONS = (
					"DEBUG=1",
					"$(inherited)",
				);
				GCC_WARN_64_TO_32_BIT_CONVERSION = YES;
				GCC_WARN_ABOUT_RETURN_TYPE = YES_ERROR;
				GCC_WARN_UNDECLARED_SELECTOR = YES;
				GCC_WARN_UNINITIALIZED_AUTOS = YES_AGGRESSIVE;
				GCC_WARN_UNUSED_FUNCTION = YES;
				GCC_WARN_UNUSED_VARIABLE = YES;
				IPHONEOS_DEPLOYMENT_TARGET = 10.0;
				MTL_ENABLE_DEBUG_INFO = YES;
				ONLY_ACTIVE_ARCH = YES;
				SDKROOT = iphoneos;
				SWIFT_ACTIVE_COMPILATION_CONDITIONS = DEBUG;
				SWIFT_OPTIMIZATION_LEVEL = "-Onone";
				TARGETED_DEVICE_FAMILY = "1,2";
			};
			name = Debug;
		};
		335996411D96012400075E69 /* Release */ = {
			isa = XCBuildConfiguration;
			buildSettings = {
				ALWAYS_SEARCH_USER_PATHS = NO;
				CLANG_ANALYZER_NONNULL = YES;
				CLANG_CXX_LANGUAGE_STANDARD = "gnu++0x";
				CLANG_CXX_LIBRARY = "libc++";
				CLANG_ENABLE_MODULES = YES;
				CLANG_ENABLE_OBJC_ARC = YES;
				CLANG_WARN_BOOL_CONVERSION = YES;
				CLANG_WARN_CONSTANT_CONVERSION = YES;
				CLANG_WARN_DIRECT_OBJC_ISA_USAGE = YES_ERROR;
				CLANG_WARN_DOCUMENTATION_COMMENTS = YES;
				CLANG_WARN_EMPTY_BODY = YES;
				CLANG_WARN_ENUM_CONVERSION = YES;
				CLANG_WARN_INFINITE_RECURSION = YES;
				CLANG_WARN_INT_CONVERSION = YES;
				CLANG_WARN_OBJC_ROOT_CLASS = YES_ERROR;
				CLANG_WARN_SUSPICIOUS_MOVES = YES;
				CLANG_WARN_UNREACHABLE_CODE = YES;
				CLANG_WARN__DUPLICATE_METHOD_MATCH = YES;
				"CODE_SIGN_IDENTITY[sdk=iphoneos*]" = "iPhone Developer";
				COPY_PHASE_STRIP = NO;
				DEBUG_INFORMATION_FORMAT = "dwarf-with-dsym";
				ENABLE_NS_ASSERTIONS = NO;
				ENABLE_STRICT_OBJC_MSGSEND = YES;
				GCC_C_LANGUAGE_STANDARD = gnu99;
				GCC_NO_COMMON_BLOCKS = YES;
				GCC_WARN_64_TO_32_BIT_CONVERSION = YES;
				GCC_WARN_ABOUT_RETURN_TYPE = YES_ERROR;
				GCC_WARN_UNDECLARED_SELECTOR = YES;
				GCC_WARN_UNINITIALIZED_AUTOS = YES_AGGRESSIVE;
				GCC_WARN_UNUSED_FUNCTION = YES;
				GCC_WARN_UNUSED_VARIABLE = YES;
				IPHONEOS_DEPLOYMENT_TARGET = 10.0;
				MTL_ENABLE_DEBUG_INFO = NO;
				SDKROOT = iphoneos;
				SWIFT_OPTIMIZATION_LEVEL = "-Owholemodule";
				TARGETED_DEVICE_FAMILY = "1,2";
				VALIDATE_PRODUCT = YES;
			};
			name = Release;
		};
		335996431D96012400075E69 /* Debug */ = {
			isa = XCBuildConfiguration;
			buildSettings = {
				ASSETCATALOG_COMPILER_APPICON_NAME = AppIcon;
				INFOPLIST_FILE = BookList/Info.plist;
				LD_RUNPATH_SEARCH_PATHS = "$(inherited) @executable_path/Frameworks";
				PRODUCT_BUNDLE_IDENTIFIER = com.rsampdev.BookList;
				PRODUCT_NAME = "$(TARGET_NAME)";
				SWIFT_VERSION = 3.0;
			};
			name = Debug;
		};
		335996441D96012400075E69 /* Release */ = {
			isa = XCBuildConfiguration;
			buildSettings = {
				ASSETCATALOG_COMPILER_APPICON_NAME = AppIcon;
				INFOPLIST_FILE = BookList/Info.plist;
				LD_RUNPATH_SEARCH_PATHS = "$(inherited) @executable_path/Frameworks";
				PRODUCT_BUNDLE_IDENTIFIER = com.rsampdev.BookList;
				PRODUCT_NAME = "$(TARGET_NAME)";
				SWIFT_VERSION = 3.0;
			};
			name = Release;
		};
		335996461D96012400075E69 /* Debug */ = {
			isa = XCBuildConfiguration;
			buildSettings = {
				ALWAYS_EMBED_SWIFT_STANDARD_LIBRARIES = YES;
				BUNDLE_LOADER = "$(TEST_HOST)";
				INFOPLIST_FILE = BookListTests/Info.plist;
				LD_RUNPATH_SEARCH_PATHS = "$(inherited) @executable_path/Frameworks @loader_path/Frameworks";
				PRODUCT_BUNDLE_IDENTIFIER = com.rsampdev.BookListTests;
				PRODUCT_NAME = "$(TARGET_NAME)";
				SWIFT_VERSION = 3.0;
				TEST_HOST = "$(BUILT_PRODUCTS_DIR)/BookList.app/BookList";
			};
			name = Debug;
		};
		335996471D96012400075E69 /* Release */ = {
			isa = XCBuildConfiguration;
			buildSettings = {
				ALWAYS_EMBED_SWIFT_STANDARD_LIBRARIES = YES;
				BUNDLE_LOADER = "$(TEST_HOST)";
				INFOPLIST_FILE = BookListTests/Info.plist;
				LD_RUNPATH_SEARCH_PATHS = "$(inherited) @executable_path/Frameworks @loader_path/Frameworks";
				PRODUCT_BUNDLE_IDENTIFIER = com.rsampdev.BookListTests;
				PRODUCT_NAME = "$(TARGET_NAME)";
				SWIFT_VERSION = 3.0;
				TEST_HOST = "$(BUILT_PRODUCTS_DIR)/BookList.app/BookList";
			};
			name = Release;
		};
		335996491D96012400075E69 /* Debug */ = {
			isa = XCBuildConfiguration;
			buildSettings = {
				ALWAYS_EMBED_SWIFT_STANDARD_LIBRARIES = YES;
				INFOPLIST_FILE = BookListUITests/Info.plist;
				LD_RUNPATH_SEARCH_PATHS = "$(inherited) @executable_path/Frameworks @loader_path/Frameworks";
				PRODUCT_BUNDLE_IDENTIFIER = com.rsampdev.BookListUITests;
				PRODUCT_NAME = "$(TARGET_NAME)";
				SWIFT_VERSION = 3.0;
				TEST_TARGET_NAME = BookList;
			};
			name = Debug;
		};
		3359964A1D96012400075E69 /* Release */ = {
			isa = XCBuildConfiguration;
			buildSettings = {
				ALWAYS_EMBED_SWIFT_STANDARD_LIBRARIES = YES;
				INFOPLIST_FILE = BookListUITests/Info.plist;
				LD_RUNPATH_SEARCH_PATHS = "$(inherited) @executable_path/Frameworks @loader_path/Frameworks";
				PRODUCT_BUNDLE_IDENTIFIER = com.rsampdev.BookListUITests;
				PRODUCT_NAME = "$(TARGET_NAME)";
				SWIFT_VERSION = 3.0;
				TEST_TARGET_NAME = BookList;
			};
			name = Release;
		};
/* End XCBuildConfiguration section */

/* Begin XCConfigurationList section */
		335996151D96012200075E69 /* Build configuration list for PBXProject "BookList" */ = {
			isa = XCConfigurationList;
			buildConfigurations = (
				335996401D96012400075E69 /* Debug */,
				335996411D96012400075E69 /* Release */,
			);
			defaultConfigurationIsVisible = 0;
			defaultConfigurationName = Release;
		};
		335996421D96012400075E69 /* Build configuration list for PBXNativeTarget "BookList" */ = {
			isa = XCConfigurationList;
			buildConfigurations = (
				335996431D96012400075E69 /* Debug */,
				335996441D96012400075E69 /* Release */,
			);
			defaultConfigurationIsVisible = 0;
			defaultConfigurationName = Release;
		};
		335996451D96012400075E69 /* Build configuration list for PBXNativeTarget "BookListTests" */ = {
			isa = XCConfigurationList;
			buildConfigurations = (
				335996461D96012400075E69 /* Debug */,
				335996471D96012400075E69 /* Release */,
			);
			defaultConfigurationIsVisible = 0;
			defaultConfigurationName = Release;
		};
		335996481D96012400075E69 /* Build configuration list for PBXNativeTarget "BookListUITests" */ = {
			isa = XCConfigurationList;
			buildConfigurations = (
				335996491D96012400075E69 /* Debug */,
				3359964A1D96012400075E69 /* Release */,
			);
			defaultConfigurationIsVisible = 0;
			defaultConfigurationName = Release;
		};
/* End XCConfigurationList section */

/* Begin XCVersionGroup section */
		335996511D96DBC600075E69 /* BookList.xcdatamodeld */ = {
			isa = XCVersionGroup;
			children = (
				335996521D96DBC600075E69 /* BookList.xcdatamodel */,
			);
			currentVersion = 335996521D96DBC600075E69 /* BookList.xcdatamodel */;
			path = BookList.xcdatamodeld;
			sourceTree = "<group>";
			versionGroupType = wrapper.xcdatamodel;
		};
/* End XCVersionGroup section */
	};
	rootObject = 335996121D96012200075E69 /* Project object */;
}
